
Microsoft Visual Studio Solution File, Format Version 12.00
# Visual Studio Version 17
VisualStudioVersion = 17.9.34714.143
MinimumVisualStudioVersion = 10.0.40219.1
Project("{8BC9CEB8-8B4A-11D0-8D11-00A0C91BC942}") = "Floyd_Course_work", "Floyd_Course_work.vcxproj", "{F2C7D958-7373-43AA-B2BE-521C16C3763A}"
EndProject
Global
	GlobalSection(SolutionConfigurationPlatforms) = preSolution
		Debug|x64 = Debug|x64
		Debug|x86 = Debug|x86
		Release|x64 = Release|x64
		Release|x86 = Release|x86
	EndGlobalSection
	GlobalSection(ProjectConfigurationPlatforms) = postSolution
		{F2C7D958-7373-43AA-B2BE-521C16C3763A}.Debug|x64.ActiveCfg = Debug|x64
		{F2C7D958-7373-43AA-B2BE-521C16C3763A}.Debug|x64.Build.0 = Debug|x64
		{F2C7D958-7373-43AA-B2BE-521C16C3763A}.Debug|x86.ActiveCfg = Debug|Win32
		{F2C7D958-7373-43AA-B2BE-521C16C3763A}.Debug|x86.Build.0 = Debug|Win32
		{F2C7D958-7373-43AA-B2BE-521C16C3763A}.Release|x64.ActiveCfg = Release|x64
		{F2C7D958-7373-43AA-B2BE-521C16C3763A}.Release|x64.Build.0 = Release|x64
		{F2C7D958-7373-43AA-B2BE-521C16C3763A}.Release|x86.ActiveCfg = Release|Win32
		{F2C7D958-7373-43AA-B2BE-521C16C3763A}.Release|x86.Build.0 = Release|Win32
	EndGlobalSection
	GlobalSection(SolutionProperties) = preSolution
		HideSolutionNode = FALSE
	EndGlobalSection
	GlobalSection(ExtensibilityGlobals) = postSolution
		SolutionGuid = {B710DD5F-5D2D-4442-B45B-623427B3D9D5}
	EndGlobalSection
EndGlobal
